{
    "name": "wasm-calc",
    "lockfileVersion": 3,
    "requires": true,
    "packages": {
        "": {
            "dependencies": {
                "hello-wasm": "file:./pkg"
            }
        },
        "node_modules/hello-wasm": {
            "resolved": "pkg",
            "link": true
        },
        "pkg": {
            "name": "interop-example",
            "version": "0.1.0"
        }
    }
}
